
Microsoft Visual Studio Solution File, Format Version 12.00
# Visual Studio Version 17
VisualStudioVersion = 17.0.31903.59
MinimumVisualStudioVersion = 10.0.40219.1
Project("{2150E333-8FDC-42A3-9474-1A3956D46DE8}") = "src", "src", "{827E0CD3-B72D-47B6-A68D-7590B98EB39B}"
EndProject
Project("{FAE04EC0-301F-11D3-BF4B-00C04F79EFBC}") = "Archive.Desktop", "src\Archive.Desktop\Archive.Desktop.csproj", "{055D1056-0DC9-48CE-9424-09AC4F1AF69C}"
EndProject
Project("{FAE04EC0-301F-11D3-BF4B-00C04F79EFBC}") = "Archive.Core", "src\Archive.Core\Archive.Core.csproj", "{95020A79-CB11-463B-8288-A6F034168198}"
EndProject
Project("{FAE04EC0-301F-11D3-BF4B-00C04F79EFBC}") = "Archive.Infrastructure", "src\Archive.Infrastructure\Archive.Infrastructure.csproj", "{422B2019-5C12-4B8A-AFC9-F576B5A72E95}"
EndProject
Project("{FAE04EC0-301F-11D3-BF4B-00C04F79EFBC}") = "Archive.Core.Tests", "src\Archive.Core.Tests\Archive.Core.Tests.csproj", "{F84E0D94-1CCF-45BF-A600-C6F6EDC43E62}"
EndProject
Global
	GlobalSection(SolutionConfigurationPlatforms) = preSolution
		Debug|Any CPU = Debug|Any CPU
		Debug|x64 = Debug|x64
		Debug|x86 = Debug|x86
		Release|Any CPU = Release|Any CPU
		Release|x64 = Release|x64
		Release|x86 = Release|x86
	EndGlobalSection
	GlobalSection(ProjectConfigurationPlatforms) = postSolution
		{055D1056-0DC9-48CE-9424-09AC4F1AF69C}.Debug|Any CPU.ActiveCfg = Debug|Any CPU
		{055D1056-0DC9-48CE-9424-09AC4F1AF69C}.Debug|Any CPU.Build.0 = Debug|Any CPU
		{055D1056-0DC9-48CE-9424-09AC4F1AF69C}.Debug|x64.ActiveCfg = Debug|Any CPU
		{055D1056-0DC9-48CE-9424-09AC4F1AF69C}.Debug|x64.Build.0 = Debug|Any CPU
		{055D1056-0DC9-48CE-9424-09AC4F1AF69C}.Debug|x86.ActiveCfg = Debug|Any CPU
		{055D1056-0DC9-48CE-9424-09AC4F1AF69C}.Debug|x86.Build.0 = Debug|Any CPU
		{055D1056-0DC9-48CE-9424-09AC4F1AF69C}.Release|Any CPU.ActiveCfg = Release|Any CPU
		{055D1056-0DC9-48CE-9424-09AC4F1AF69C}.Release|Any CPU.Build.0 = Release|Any CPU
		{055D1056-0DC9-48CE-9424-09AC4F1AF69C}.Release|x64.ActiveCfg = Release|Any CPU
		{055D1056-0DC9-48CE-9424-09AC4F1AF69C}.Release|x64.Build.0 = Release|Any CPU
		{055D1056-0DC9-48CE-9424-09AC4F1AF69C}.Release|x86.ActiveCfg = Release|Any CPU
		{055D1056-0DC9-48CE-9424-09AC4F1AF69C}.Release|x86.Build.0 = Release|Any CPU
		{95020A79-CB11-463B-8288-A6F034168198}.Debug|Any CPU.ActiveCfg = Debug|Any CPU
		{95020A79-CB11-463B-8288-A6F034168198}.Debug|Any CPU.Build.0 = Debug|Any CPU
		{95020A79-CB11-463B-8288-A6F034168198}.Debug|x64.ActiveCfg = Debug|Any CPU
		{95020A79-CB11-463B-8288-A6F034168198}.Debug|x64.Build.0 = Debug|Any CPU
		{95020A79-CB11-463B-8288-A6F034168198}.Debug|x86.ActiveCfg = Debug|Any CPU
		{95020A79-CB11-463B-8288-A6F034168198}.Debug|x86.Build.0 = Debug|Any CPU
		{95020A79-CB11-463B-8288-A6F034168198}.Release|Any CPU.ActiveCfg = Release|Any CPU
		{95020A79-CB11-463B-8288-A6F034168198}.Release|Any CPU.Build.0 = Release|Any CPU
		{95020A79-CB11-463B-8288-A6F034168198}.Release|x64.ActiveCfg = Release|Any CPU
		{95020A79-CB11-463B-8288-A6F034168198}.Release|x64.Build.0 = Release|Any CPU
		{95020A79-CB11-463B-8288-A6F034168198}.Release|x86.ActiveCfg = Release|Any CPU
		{95020A79-CB11-463B-8288-A6F034168198}.Release|x86.Build.0 = Release|Any CPU
		{422B2019-5C12-4B8A-AFC9-F576B5A72E95}.Debug|Any CPU.ActiveCfg = Debug|Any CPU
		{422B2019-5C12-4B8A-AFC9-F576B5A72E95}.Debug|Any CPU.Build.0 = Debug|Any CPU
		{422B2019-5C12-4B8A-AFC9-F576B5A72E95}.Debug|x64.ActiveCfg = Debug|Any CPU
		{422B2019-5C12-4B8A-AFC9-F576B5A72E95}.Debug|x64.Build.0 = Debug|Any CPU
		{422B2019-5C12-4B8A-AFC9-F576B5A72E95}.Debug|x86.ActiveCfg = Debug|Any CPU
		{422B2019-5C12-4B8A-AFC9-F576B5A72E95}.Debug|x86.Build.0 = Debug|Any CPU
		{422B2019-5C12-4B8A-AFC9-F576B5A72E95}.Release|Any CPU.ActiveCfg = Release|Any CPU
		{422B2019-5C12-4B8A-AFC9-F576B5A72E95}.Release|Any CPU.Build.0 = Release|Any CPU
		{422B2019-5C12-4B8A-AFC9-F576B5A72E95}.Release|x64.ActiveCfg = Release|Any CPU
		{422B2019-5C12-4B8A-AFC9-F576B5A72E95}.Release|x64.Build.0 = Release|Any CPU
		{422B2019-5C12-4B8A-AFC9-F576B5A72E95}.Release|x86.ActiveCfg = Release|Any CPU
		{422B2019-5C12-4B8A-AFC9-F576B5A72E95}.Release|x86.Build.0 = Release|Any CPU
		{F84E0D94-1CCF-45BF-A600-C6F6EDC43E62}.Debug|Any CPU.ActiveCfg = Debug|Any CPU
		{F84E0D94-1CCF-45BF-A600-C6F6EDC43E62}.Debug|Any CPU.Build.0 = Debug|Any CPU
		{F84E0D94-1CCF-45BF-A600-C6F6EDC43E62}.Debug|x64.ActiveCfg = Debug|Any CPU
		{F84E0D94-1CCF-45BF-A600-C6F6EDC43E62}.Debug|x64.Build.0 = Debug|Any CPU
		{F84E0D94-1CCF-45BF-A600-C6F6EDC43E62}.Debug|x86.ActiveCfg = Debug|Any CPU
		{F84E0D94-1CCF-45BF-A600-C6F6EDC43E62}.Debug|x86.Build.0 = Debug|Any CPU
		{F84E0D94-1CCF-45BF-A600-C6F6EDC43E62}.Release|Any CPU.ActiveCfg = Release|Any CPU
		{F84E0D94-1CCF-45BF-A600-C6F6EDC43E62}.Release|Any CPU.Build.0 = Release|Any CPU
		{F84E0D94-1CCF-45BF-A600-C6F6EDC43E62}.Release|x64.ActiveCfg = Release|Any CPU
		{F84E0D94-1CCF-45BF-A600-C6F6EDC43E62}.Release|x64.Build.0 = Release|Any CPU
		{F84E0D94-1CCF-45BF-A600-C6F6EDC43E62}.Release|x86.ActiveCfg = Release|Any CPU
		{F84E0D94-1CCF-45BF-A600-C6F6EDC43E62}.Release|x86.Build.0 = Release|Any CPU
	EndGlobalSection
	GlobalSection(SolutionProperties) = preSolution
		HideSolutionNode = FALSE
	EndGlobalSection
	GlobalSection(NestedProjects) = preSolution
		{055D1056-0DC9-48CE-9424-09AC4F1AF69C} = {827E0CD3-B72D-47B6-A68D-7590B98EB39B}
		{95020A79-CB11-463B-8288-A6F034168198} = {827E0CD3-B72D-47B6-A68D-7590B98EB39B}
		{422B2019-5C12-4B8A-AFC9-F576B5A72E95} = {827E0CD3-B72D-47B6-A68D-7590B98EB39B}
		{F84E0D94-1CCF-45BF-A600-C6F6EDC43E62} = {827E0CD3-B72D-47B6-A68D-7590B98EB39B}
	EndGlobalSection
EndGlobal
