
Microsoft Visual Studio Solution File, Format Version 12.00
# Visual Studio Version 17
VisualStudioVersion = 17.0.31903.59
MinimumVisualStudioVersion = 10.0.40219.1
Project("{FAE04EC0-301F-11D3-BF4B-00C04F79EFBC}") = "Archive.Core", "Archive.Core\Archive.Core.csproj", "{D1C5DBCE-011D-470D-A0B4-55E1ECB1C150}"
EndProject
Project("{FAE04EC0-301F-11D3-BF4B-00C04F79EFBC}") = "Archive.Console", "Archive.Console\Archive.Console.csproj", "{B1D32FE4-26B7-46AF-98BE-494A061F1DA9}"
EndProject
Project("{FAE04EC0-301F-11D3-BF4B-00C04F79EFBC}") = "Archive.GUI", "Archive.GUI\Archive.GUI.csproj", "{C044A029-4F0B-4FD0-ACC1-DA35C70E8D7B}"
EndProject
Global
	GlobalSection(SolutionConfigurationPlatforms) = preSolution
		Debug|Any CPU = Debug|Any CPU
		Debug|x64 = Debug|x64
		Debug|x86 = Debug|x86
		Release|Any CPU = Release|Any CPU
		Release|x64 = Release|x64
		Release|x86 = Release|x86
	EndGlobalSection
	GlobalSection(ProjectConfigurationPlatforms) = postSolution
		{D1C5DBCE-011D-470D-A0B4-55E1ECB1C150}.Debug|Any CPU.ActiveCfg = Debug|Any CPU
		{D1C5DBCE-011D-470D-A0B4-55E1ECB1C150}.Debug|Any CPU.Build.0 = Debug|Any CPU
		{D1C5DBCE-011D-470D-A0B4-55E1ECB1C150}.Debug|x64.ActiveCfg = Debug|Any CPU
		{D1C5DBCE-011D-470D-A0B4-55E1ECB1C150}.Debug|x64.Build.0 = Debug|Any CPU
		{D1C5DBCE-011D-470D-A0B4-55E1ECB1C150}.Debug|x86.ActiveCfg = Debug|Any CPU
		{D1C5DBCE-011D-470D-A0B4-55E1ECB1C150}.Debug|x86.Build.0 = Debug|Any CPU
		{D1C5DBCE-011D-470D-A0B4-55E1ECB1C150}.Release|Any CPU.ActiveCfg = Release|Any CPU
		{D1C5DBCE-011D-470D-A0B4-55E1ECB1C150}.Release|Any CPU.Build.0 = Release|Any CPU
		{D1C5DBCE-011D-470D-A0B4-55E1ECB1C150}.Release|x64.ActiveCfg = Release|Any CPU
		{D1C5DBCE-011D-470D-A0B4-55E1ECB1C150}.Release|x64.Build.0 = Release|Any CPU
		{D1C5DBCE-011D-470D-A0B4-55E1ECB1C150}.Release|x86.ActiveCfg = Release|Any CPU
		{D1C5DBCE-011D-470D-A0B4-55E1ECB1C150}.Release|x86.Build.0 = Release|Any CPU
		{B1D32FE4-26B7-46AF-98BE-494A061F1DA9}.Debug|Any CPU.ActiveCfg = Debug|Any CPU
		{B1D32FE4-26B7-46AF-98BE-494A061F1DA9}.Debug|Any CPU.Build.0 = Debug|Any CPU
		{B1D32FE4-26B7-46AF-98BE-494A061F1DA9}.Debug|x64.ActiveCfg = Debug|Any CPU
		{B1D32FE4-26B7-46AF-98BE-494A061F1DA9}.Debug|x64.Build.0 = Debug|Any CPU
		{B1D32FE4-26B7-46AF-98BE-494A061F1DA9}.Debug|x86.ActiveCfg = Debug|Any CPU
		{B1D32FE4-26B7-46AF-98BE-494A061F1DA9}.Debug|x86.Build.0 = Debug|Any CPU
		{B1D32FE4-26B7-46AF-98BE-494A061F1DA9}.Release|Any CPU.ActiveCfg = Release|Any CPU
		{B1D32FE4-26B7-46AF-98BE-494A061F1DA9}.Release|Any CPU.Build.0 = Release|Any CPU
		{B1D32FE4-26B7-46AF-98BE-494A061F1DA9}.Release|x64.ActiveCfg = Release|Any CPU
		{B1D32FE4-26B7-46AF-98BE-494A061F1DA9}.Release|x64.Build.0 = Release|Any CPU
		{B1D32FE4-26B7-46AF-98BE-494A061F1DA9}.Release|x86.ActiveCfg = Release|Any CPU
		{B1D32FE4-26B7-46AF-98BE-494A061F1DA9}.Release|x86.Build.0 = Release|Any CPU
		{C044A029-4F0B-4FD0-ACC1-DA35C70E8D7B}.Debug|Any CPU.ActiveCfg = Debug|Any CPU
		{C044A029-4F0B-4FD0-ACC1-DA35C70E8D7B}.Debug|Any CPU.Build.0 = Debug|Any CPU
		{C044A029-4F0B-4FD0-ACC1-DA35C70E8D7B}.Debug|x64.ActiveCfg = Debug|Any CPU
		{C044A029-4F0B-4FD0-ACC1-DA35C70E8D7B}.Debug|x64.Build.0 = Debug|Any CPU
		{C044A029-4F0B-4FD0-ACC1-DA35C70E8D7B}.Debug|x86.ActiveCfg = Debug|Any CPU
		{C044A029-4F0B-4FD0-ACC1-DA35C70E8D7B}.Debug|x86.Build.0 = Debug|Any CPU
		{C044A029-4F0B-4FD0-ACC1-DA35C70E8D7B}.Release|Any CPU.ActiveCfg = Release|Any CPU
		{C044A029-4F0B-4FD0-ACC1-DA35C70E8D7B}.Release|Any CPU.Build.0 = Release|Any CPU
		{C044A029-4F0B-4FD0-ACC1-DA35C70E8D7B}.Release|x64.ActiveCfg = Release|Any CPU
		{C044A029-4F0B-4FD0-ACC1-DA35C70E8D7B}.Release|x64.Build.0 = Release|Any CPU
		{C044A029-4F0B-4FD0-ACC1-DA35C70E8D7B}.Release|x86.ActiveCfg = Release|Any CPU
		{C044A029-4F0B-4FD0-ACC1-DA35C70E8D7B}.Release|x86.Build.0 = Release|Any CPU
	EndGlobalSection
	GlobalSection(SolutionProperties) = preSolution
		HideSolutionNode = FALSE
	EndGlobalSection
EndGlobal
